// !$*UTF8*$!
{
	archiveVersion = 1;
	classes = {
	};
	objectVersion = 46;
	objects = {

/* Begin PBXGroup section */
		6D1B577F1CD3CCAB00C8638F = {
			isa = PBXGroup;
			children = (
			);
			sourceTree = "<group>";
		};
/* End PBXGroup section */

/* Begin PBXProject section */
		6D1B57801CD3CCAB00C8638F /* Project object */ = {
			isa = PBXProject;
			attributes = {
				LastUpgradeCheck = 0720;
			};
			buildConfigurationList = 6D1B57831CD3CCAB00C8638F /* Build configuration list for PBXProject "rabin" */;
			compatibilityVersion = "Xcode 3.2";
			developmentRegion = English;
			hasScannedForEncodings = 0;
			knownRegions = (
				en,
			);
			mainGroup = 6D1B577F1CD3CCAB00C8638F;
			projectDirPath = "";
			projectRoot = "";
			targets = (
			);
		};
/* End PBXProject section */

/* Begin XCBuildConfiguration section */
		6D1B57841CD3CCAB00C8638F /* Debug */ = {
			isa = XCBuildConfiguration;
			buildSettings = {
			};
			name = Debug;
		};
		6D1B57851CD3CCAB00C8638F /* Release */ = {
			isa = XCBuildConfiguration;
			buildSettings = {
			};
			name = Release;
		};
/* End XCBuildConfiguration section */

/* Begin XCConfigurationList section */
		6D1B57831CD3CCAB00C8638F /* Build configuration list for PBXProject "rabin" */ = {
			isa = XCConfigurationList;
			buildConfigurations = (
				6D1B57841CD3CCAB00C8638F /* Debug */,
				6D1B57851CD3CCAB00C8638F /* Release */,
			);
			defaultConfigurationIsVisible = 0;
			defaultConfigurationName = Release;
		};
/* End XCConfigurationList section */
	};
	rootObject = 6D1B57801CD3CCAB00C8638F /* Project object */;
}
